github.com/gorilla/websocket v1.4.2 h1:+/TMaTYc4QFitKJxsQ7Yye35DkWvkdLcvGKqM+x0Ufc=
github.com/gorilla/websocket v1.4.2/go.mod h1:YR8l580nyteQvAITg2hZ9XVh4b55+EU/adAjf1fMHhE=
github.com/kpango/fastime v1.0.0 h1:tZeI+eEyHHYKkTkKOiOZ5MeeRJmliuZlGV7aK7S2rkE=
github.com/kpango/fastime v1.0.0/go.mod h1:Y5XY5bLG5yc7g2XmMUzc22XYV1XaH+KgUOHkDvLp4SA=
github.com/sberglann/uint64gocache v0.0.0-20220703135934-730cffe61cd3 h1:7Vzhlj4QXB+BxC8LU9GqqTNs2tWhOi1k1+e684NutRw=
github.com/sberglann/uint64gocache v0.0.0-20220703135934-730cffe61cd3/go.mod h1:LR4XDdALyp4JmpCZDxaEvP5AzZ/30zLEa2dVcQPDVgo=
